
Microsoft Visual Studio Solution File, Format Version 12.00
# Visual Studio Version 16
VisualStudioVersion = 16.0.28803.352
MinimumVisualStudioVersion = 10.0.40219.1
Project("{FAE04EC0-301F-11D3-BF4B-00C04F79EFBC}") = "aspcore", "aspcore\aspcore.csproj", "{2E3E4CF2-BCA0-4EB6-938B-83F5F42DB086}"
EndProject
Global
	GlobalSection(SolutionConfigurationPlatforms) = preSolution
		Debug|Any CPU = Debug|Any CPU
		Release|Any CPU = Release|Any CPU
	EndGlobalSection
	GlobalSection(ProjectConfigurationPlatforms) = postSolution
		{2E3E4CF2-BCA0-4EB6-938B-83F5F42DB086}.Debug|Any CPU.ActiveCfg = Debug|Any CPU
		{2E3E4CF2-BCA0-4EB6-938B-83F5F42DB086}.Debug|Any CPU.Build.0 = Debug|Any CPU
		{2E3E4CF2-BCA0-4EB6-938B-83F5F42DB086}.Release|Any CPU.ActiveCfg = Release|Any CPU
		{2E3E4CF2-BCA0-4EB6-938B-83F5F42DB086}.Release|Any CPU.Build.0 = Release|Any CPU
	EndGlobalSection
	GlobalSection(SolutionProperties) = preSolution
		HideSolutionNode = FALSE
	EndGlobalSection
	GlobalSection(ExtensibilityGlobals) = postSolution
		SolutionGuid = {9CA71837-BFFF-410F-9B87-FEFD55762F8C}
	EndGlobalSection
EndGlobal
